
Microsoft Visual Studio Solution File, Format Version 12.00
# Visual Studio Version 16
VisualStudioVersion = 16.0.30523.141
MinimumVisualStudioVersion = 10.0.40219.1
Project("{FAE04EC0-301F-11D3-BF4B-00C04F79EFBC}") = "DataWebTool", "DataWebTool.csproj", "{4995E7EF-7BCB-4FA0-947B-9F896CA87B8A}"
EndProject
Global
	GlobalSection(SolutionConfigurationPlatforms) = preSolution
		Debug|Any CPU = Debug|Any CPU
		Release|Any CPU = Release|Any CPU
	EndGlobalSection
	GlobalSection(ProjectConfigurationPlatforms) = postSolution
		{4995E7EF-7BCB-4FA0-947B-9F896CA87B8A}.Debug|Any CPU.ActiveCfg = Debug|Any CPU
		{4995E7EF-7BCB-4FA0-947B-9F896CA87B8A}.Debug|Any CPU.Build.0 = Debug|Any CPU
		{4995E7EF-7BCB-4FA0-947B-9F896CA87B8A}.Release|Any CPU.ActiveCfg = Release|Any CPU
		{4995E7EF-7BCB-4FA0-947B-9F896CA87B8A}.Release|Any CPU.Build.0 = Release|Any CPU
	EndGlobalSection
	GlobalSection(SolutionProperties) = preSolution
		HideSolutionNode = FALSE
	EndGlobalSection
	GlobalSection(ExtensibilityGlobals) = postSolution
		SolutionGuid = {0743B83B-B822-4446-9AB3-E3EFAD7AD680}
	EndGlobalSection
EndGlobal
