
Microsoft Visual Studio Solution File, Format Version 12.00
# Visual Studio Version 16
VisualStudioVersion = 16.0.30524.135
MinimumVisualStudioVersion = 10.0.40219.1
Project("{FAE04EC0-301F-11D3-BF4B-00C04F79EFBC}") = "Data7001WebTool", "Data7001WebTool.csproj", "{0AFDB4A4-0F38-4676-9155-429484779D68}"
EndProject
Global
	GlobalSection(SolutionConfigurationPlatforms) = preSolution
		Debug|Any CPU = Debug|Any CPU
		Release|Any CPU = Release|Any CPU
	EndGlobalSection
	GlobalSection(ProjectConfigurationPlatforms) = postSolution
		{0AFDB4A4-0F38-4676-9155-429484779D68}.Debug|Any CPU.ActiveCfg = Debug|Any CPU
		{0AFDB4A4-0F38-4676-9155-429484779D68}.Debug|Any CPU.Build.0 = Debug|Any CPU
		{0AFDB4A4-0F38-4676-9155-429484779D68}.Release|Any CPU.ActiveCfg = Release|Any CPU
		{0AFDB4A4-0F38-4676-9155-429484779D68}.Release|Any CPU.Build.0 = Release|Any CPU
	EndGlobalSection
	GlobalSection(SolutionProperties) = preSolution
		HideSolutionNode = FALSE
	EndGlobalSection
	GlobalSection(ExtensibilityGlobals) = postSolution
		SolutionGuid = {905B6FB6-F074-4C3D-9CBF-1B4C8F04C5A6}
	EndGlobalSection
EndGlobal
